// !$*UTF8*$!
{
	archiveVersion = 1;
	classes = {
	};
	objectVersion = 77;
	objects = {

/* Begin PBXGroup section */
		38756AAE2E598D3100ED5C79 = {
			isa = PBXGroup;
			children = (
			);
			sourceTree = "<group>";
		};
/* End PBXGroup section */

/* Begin PBXProject section */
		38756AAF2E598D3100ED5C79 /* Project object */ = {
			isa = PBXProject;
			attributes = {
				BuildIndependentTargetsInParallel = 1;
				LastUpgradeCheck = 2600;
			};
			buildConfigurationList = 38756AB22E598D3100ED5C79 /* Build configuration list for PBXProject "RequestRelay" */;
			developmentRegion = en;
			hasScannedForEncodings = 0;
			knownRegions = (
				en,
				Base,
			);
			mainGroup = 38756AAE2E598D3100ED5C79;
			minimizedProjectReferenceProxies = 1;
			preferredProjectObjectVersion = 77;
			projectDirPath = "";
			projectRoot = "";
			targets = (
			);
		};
/* End PBXProject section */

/* Begin XCBuildConfiguration section */
		38756AB32E598D3200ED5C79 /* Debug */ = {
			isa = XCBuildConfiguration;
			buildSettings = {
				DEVELOPMENT_TEAM = G4FX5726HD;
			};
			name = Debug;
		};
		38756AB42E598D3200ED5C79 /* Release */ = {
			isa = XCBuildConfiguration;
			buildSettings = {
				DEVELOPMENT_TEAM = G4FX5726HD;
			};
			name = Release;
		};
/* End XCBuildConfiguration section */

/* Begin XCConfigurationList section */
		38756AB22E598D3100ED5C79 /* Build configuration list for PBXProject "RequestRelay" */ = {
			isa = XCConfigurationList;
			buildConfigurations = (
				38756AB32E598D3200ED5C79 /* Debug */,
				38756AB42E598D3200ED5C79 /* Release */,
			);
			defaultConfigurationIsVisible = 0;
			defaultConfigurationName = Release;
		};
/* End XCConfigurationList section */
	};
	rootObject = 38756AAF2E598D3100ED5C79 /* Project object */;
}
